
Microsoft Visual Studio Solution File, Format Version 11.00
# Visual Studio 2010
Project("{2150E333-8FDC-42A3-9474-1A3956D46DE8}") = "Bots", "Bots", "{426AFE3C-22E3-4771-BB6D-BBDC8ED578B4}"
EndProject
Project("{2150E333-8FDC-42A3-9474-1A3956D46DE8}") = "HalBot", "HalBot", "{4A6267FC-F57C-4306-9D04-55237020847D}"
EndProject
Project("{FAE04EC0-301F-11D3-BF4B-00C04F79EFBC}") = "HalBot", "DG.BotWorld.Bots.HalBot\HalBot.csproj", "{DDDAC59F-3A17-439D-B171-1E14C7E350B2}"
EndProject
Project("{FAE04EC0-301F-11D3-BF4B-00C04F79EFBC}") = "HalBot.Abilities.Games.TicTacToe", "DG.BotWorld.Bots.HalBot.Abilities.Games.TicTacToe\HalBot.Abilities.Games.TicTacToe.csproj", "{9154DD54-877E-44DD-9A75-0D040C3C7BBC}"
EndProject
Project("{FAE04EC0-301F-11D3-BF4B-00C04F79EFBC}") = "HalBot.Abilities.Games.Maze", "DG.BotWorld.Bots.HalBot.Abilities.Games.Maze\HalBot.Abilities.Games.Maze.csproj", "{DDB5C9D0-2B5E-4554-AF9E-4960D8A2D949}"
EndProject
Project("{FAE04EC0-301F-11D3-BF4B-00C04F79EFBC}") = "HalBot.Abilities.Games.Pong", "DG.BotWorld.Bots.HalBot.Abilities.Games.Pong\HalBot.Abilities.Games.Pong.csproj", "{5FE9A8FD-5478-4181-96F9-CB31C26594C8}"
EndProject
Project("{FAE04EC0-301F-11D3-BF4B-00C04F79EFBC}") = "HalBot.Abilities.Learning.Sorting", "DG.BotWorld.Bots.HalBot.Abilities.Learning.Sorting\HalBot.Abilities.Learning.Sorting.csproj", "{A9314B5A-FF39-4242-B53C-99DEA37CFA67}"
EndProject
Project("{2150E333-8FDC-42A3-9474-1A3956D46DE8}") = "GuardianBot", "GuardianBot", "{3C52C298-27BA-46EC-B486-A678F926CC94}"
EndProject
Project("{FAE04EC0-301F-11D3-BF4B-00C04F79EFBC}") = "GuardianBot", "DG.BotWorld.Bots.GuardianBot\GuardianBot.csproj", "{94BD9106-999E-460C-A3C4-3AF80C072564}"
EndProject
Project("{FAE04EC0-301F-11D3-BF4B-00C04F79EFBC}") = "GuardianBot.Abilities.Games.TicTacToe", "DG.BotWorld.Bots.GuardianBot.Abilities.Games.TicTacToe\GuardianBot.Abilities.Games.TicTacToe.csproj", "{7A261BAF-198F-443E-8459-78A7DECD204D}"
EndProject
Project("{FAE04EC0-301F-11D3-BF4B-00C04F79EFBC}") = "GuardianBot.Abilities.Games.Maze", "DG.BotWorld.Bots.GuardianBot.Abilities.Games.Maze\GuardianBot.Abilities.Games.Maze.csproj", "{FB2E6A45-C6D7-44BC-AADD-EC888C3FE5B9}"
EndProject
Project("{FAE04EC0-301F-11D3-BF4B-00C04F79EFBC}") = "GuardianBot.Abilities.Games.Pong", "DG.BotWorld.Bots.GuardianBot.Abilities.Games.Pong\GuardianBot.Abilities.Games.Pong.csproj", "{58EA7E7B-C574-4161-BB9C-B0FEC4E43FF5}"
EndProject
Project("{2150E333-8FDC-42A3-9474-1A3956D46DE8}") = "World", "World", "{F41B3669-5CB7-40FF-901A-A6D63E0FFE83}"
EndProject
Project("{FAE04EC0-301F-11D3-BF4B-00C04F79EFBC}") = "Web", "DG.BotWorld.Web\Web.csproj", "{F15FE3C8-E153-469C-A27C-F721F931B25C}"
EndProject
Project("{FAE04EC0-301F-11D3-BF4B-00C04F79EFBC}") = "World", "DG.BotWorld.World\World.csproj", "{E6A745B2-5AB3-40AF-B30B-B48E0C3D07C1}"
EndProject
Project("{FAE04EC0-301F-11D3-BF4B-00C04F79EFBC}") = "WorldMatrix", "DG.BotWorld.WorldMatrix\WorldMatrix.csproj", "{8CD1F3AE-49EC-43D6-9FC6-D97967F5F778}"
EndProject
Project("{FAE04EC0-301F-11D3-BF4B-00C04F79EFBC}") = "WorldMatrix.WinApp", "DG.BotWorld.WorldMatrix.WinApp\WorldMatrix.WinApp.csproj", "{BE4F6D74-34D5-45FD-AB27-3BC9B8ED30C6}"
EndProject
Project("{FAE04EC0-301F-11D3-BF4B-00C04F79EFBC}") = "Hosting", "DG.BotWorld.Hosting\Hosting.csproj", "{94436152-8BAD-4D08-A2C2-298B007F32FC}"
EndProject
Project("{FAE04EC0-301F-11D3-BF4B-00C04F79EFBC}") = "Hosting.UnitTests", "DG.BotWorld.Hosting.UnitTests\Hosting.UnitTests.csproj", "{6306FBAB-C20E-4F38-B4B2-7B304649F444}"
EndProject
Project("{FAE04EC0-301F-11D3-BF4B-00C04F79EFBC}") = "World.MvcApp", "DG.BotWorld.World.MvcApp\World.MvcApp.csproj", "{FFC3DFAC-8C01-4A3D-BA0E-3E8D6B24E1E6}"
EndProject
Project("{2150E333-8FDC-42A3-9474-1A3956D46DE8}") = "SDKs", "SDKs", "{8026E487-8D49-400F-A851-9B47EE9D2217}"
EndProject
Project("{FAE04EC0-301F-11D3-BF4B-00C04F79EFBC}") = "BotSdk", "DG.BotWorld.BotSdk\BotSdk.csproj", "{5AC05A38-36B7-4872-BD8A-03E76B725E42}"
EndProject
Project("{FAE04EC0-301F-11D3-BF4B-00C04F79EFBC}") = "EnvironmentSdk", "DG.BotWorld.EnvironmentSdk\EnvironmentSdk.csproj", "{2A75372B-8BB4-4A2A-A14F-DBB73D3E8061}"
EndProject
Project("{FAE04EC0-301F-11D3-BF4B-00C04F79EFBC}") = "RendererSdk", "DG.BotWorld.RendererSdk\RendererSdk.csproj", "{85FF9F86-F4E3-4EAF-A00B-56B0B0226BDC}"
EndProject
Project("{2150E333-8FDC-42A3-9474-1A3956D46DE8}") = "Environments", "Environments", "{A1A89734-A5DC-4C8C-BFA8-A4538DED645A}"
EndProject
Project("{FAE04EC0-301F-11D3-BF4B-00C04F79EFBC}") = "Maze", "DG.BotWorld.Environments.Games.Maze\Maze.csproj", "{B901E894-10DF-470E-9ADF-BE3B57EC6474}"
EndProject
Project("{FAE04EC0-301F-11D3-BF4B-00C04F79EFBC}") = "MazeSdk", "DG.BotWorld.Environments.Games.MazeSdk\MazeSdk.csproj", "{36BF5580-CE6C-4A44-AFC1-49E5EC492738}"
EndProject
Project("{FAE04EC0-301F-11D3-BF4B-00C04F79EFBC}") = "Pong", "DG.BotWorld.Environments.Games.Pong\Pong.csproj", "{14598850-4C68-4FD5-A08C-5CFDB2DA4CE1}"
EndProject
Project("{FAE04EC0-301F-11D3-BF4B-00C04F79EFBC}") = "PongSdk", "DG.BotWorld.Environments.Games.PongSdk\PongSdk.csproj", "{42C03108-BF05-46D8-BD6E-266DEC283BC8}"
EndProject
Project("{FAE04EC0-301F-11D3-BF4B-00C04F79EFBC}") = "TicTacToe", "DG.BotWorld.Environments.Games.TicTacToe\TicTacToe.csproj", "{22E1115A-44CE-47BC-AFD7-84B9221E7F9D}"
EndProject
Project("{FAE04EC0-301F-11D3-BF4B-00C04F79EFBC}") = "TicTacToeSdk", "DG.BotWorld.Environments.Games.TicTacToeSdk\TicTacToeSdk.csproj", "{1F0CEE1E-80C0-4362-8F29-C495879A31BF}"
EndProject
Project("{FAE04EC0-301F-11D3-BF4B-00C04F79EFBC}") = "Sorting", "DG.BotWorld.Environments.Learning.Sorting\Sorting.csproj", "{B57FF203-26AB-4223-9CAD-A9E2DB782DCA}"
EndProject
Project("{FAE04EC0-301F-11D3-BF4B-00C04F79EFBC}") = "SortingSdk", "DG.BotWorld.Environments.Learning.SortingSdk\SortingSdk.csproj", "{31304BF1-4830-4D06-B2D0-75D01948FD71}"
EndProject
Project("{2150E333-8FDC-42A3-9474-1A3956D46DE8}") = "Renderers", "Renderers", "{85FAD9B4-77F2-4B71-BA98-447729069A82}"
EndProject
Project("{FAE04EC0-301F-11D3-BF4B-00C04F79EFBC}") = "Maze", "DG.BotWorld.Renderers.Games.Maze\Maze.csproj", "{3CCFF170-8D08-45D3-BBE5-3788F6040BBE}"
EndProject
Project("{FAE04EC0-301F-11D3-BF4B-00C04F79EFBC}") = "Pong", "DG.BotWorld.Renderers.Games.Pong\Pong.csproj", "{5A5B6ED4-CA84-49C5-9465-406D8CE9EC16}"
EndProject
Project("{FAE04EC0-301F-11D3-BF4B-00C04F79EFBC}") = "TicTacToe", "DG.BotWorld.Renderers.Games.TicTacToe\TicTacToe.csproj", "{B02B0899-5701-45AF-A69F-CB38FD1440C3}"
EndProject
Project("{FAE04EC0-301F-11D3-BF4B-00C04F79EFBC}") = "Sorting", "DG.BotWorld.Renderers.Learning.Sorting\Sorting.csproj", "{26532D92-389D-4867-A48F-D18F668B965B}"
EndProject
Project("{2150E333-8FDC-42A3-9474-1A3956D46DE8}") = "QuickStarts", "QuickStarts", "{BE561A6B-24A4-45F5-9898-082C67AA8F83}"
EndProject
Project("{FAE04EC0-301F-11D3-BF4B-00C04F79EFBC}") = "SampleBot", "DG.BotWorld.QuickStarts.Bots.SampleBot\SampleBot.csproj", "{F12A7C30-29FF-464D-B25A-1465002C74F2}"
EndProject
Project("{FAE04EC0-301F-11D3-BF4B-00C04F79EFBC}") = "SampleBot.Abilities.Maze", "DG.BotWorld.QuickStarts.Bots.SampleBot.Abilities.Maze\SampleBot.Abilities.Maze.csproj", "{42494CA5-73DE-47AE-B687-4F01F373FC6B}"
EndProject
Global
	GlobalSection(SolutionConfigurationPlatforms) = preSolution
		Win|Any CPU = Win|Any CPU
		OSX|Any CPU = OSX|Any CPU
	EndGlobalSection
	GlobalSection(ProjectConfigurationPlatforms) = postSolution
		{14598850-4C68-4FD5-A08C-5CFDB2DA4CE1}.OSX|Any CPU.ActiveCfg = OSX|Any CPU
		{14598850-4C68-4FD5-A08C-5CFDB2DA4CE1}.OSX|Any CPU.Build.0 = OSX|Any CPU
		{14598850-4C68-4FD5-A08C-5CFDB2DA4CE1}.Win|Any CPU.ActiveCfg = Win|Any CPU
		{14598850-4C68-4FD5-A08C-5CFDB2DA4CE1}.Win|Any CPU.Build.0 = Win|Any CPU
		{1F0CEE1E-80C0-4362-8F29-C495879A31BF}.OSX|Any CPU.ActiveCfg = OSX|Any CPU
		{1F0CEE1E-80C0-4362-8F29-C495879A31BF}.OSX|Any CPU.Build.0 = OSX|Any CPU
		{1F0CEE1E-80C0-4362-8F29-C495879A31BF}.Win|Any CPU.ActiveCfg = Win|Any CPU
		{1F0CEE1E-80C0-4362-8F29-C495879A31BF}.Win|Any CPU.Build.0 = Win|Any CPU
		{22E1115A-44CE-47BC-AFD7-84B9221E7F9D}.OSX|Any CPU.ActiveCfg = OSX|Any CPU
		{22E1115A-44CE-47BC-AFD7-84B9221E7F9D}.OSX|Any CPU.Build.0 = OSX|Any CPU
		{22E1115A-44CE-47BC-AFD7-84B9221E7F9D}.Win|Any CPU.ActiveCfg = Win|Any CPU
		{22E1115A-44CE-47BC-AFD7-84B9221E7F9D}.Win|Any CPU.Build.0 = Win|Any CPU
		{26532D92-389D-4867-A48F-D18F668B965B}.OSX|Any CPU.ActiveCfg = OSX|Any CPU
		{26532D92-389D-4867-A48F-D18F668B965B}.OSX|Any CPU.Build.0 = OSX|Any CPU
		{26532D92-389D-4867-A48F-D18F668B965B}.Win|Any CPU.ActiveCfg = Win|Any CPU
		{26532D92-389D-4867-A48F-D18F668B965B}.Win|Any CPU.Build.0 = Win|Any CPU
		{2A75372B-8BB4-4A2A-A14F-DBB73D3E8061}.OSX|Any CPU.ActiveCfg = OSX|Any CPU
		{2A75372B-8BB4-4A2A-A14F-DBB73D3E8061}.OSX|Any CPU.Build.0 = OSX|Any CPU
		{2A75372B-8BB4-4A2A-A14F-DBB73D3E8061}.Win|Any CPU.ActiveCfg = Win|Any CPU
		{2A75372B-8BB4-4A2A-A14F-DBB73D3E8061}.Win|Any CPU.Build.0 = Win|Any CPU
		{31304BF1-4830-4D06-B2D0-75D01948FD71}.OSX|Any CPU.ActiveCfg = OSX|Any CPU
		{31304BF1-4830-4D06-B2D0-75D01948FD71}.OSX|Any CPU.Build.0 = OSX|Any CPU
		{31304BF1-4830-4D06-B2D0-75D01948FD71}.Win|Any CPU.ActiveCfg = Win|Any CPU
		{31304BF1-4830-4D06-B2D0-75D01948FD71}.Win|Any CPU.Build.0 = Win|Any CPU
		{36BF5580-CE6C-4A44-AFC1-49E5EC492738}.OSX|Any CPU.ActiveCfg = OSX|Any CPU
		{36BF5580-CE6C-4A44-AFC1-49E5EC492738}.OSX|Any CPU.Build.0 = OSX|Any CPU
		{36BF5580-CE6C-4A44-AFC1-49E5EC492738}.Win|Any CPU.ActiveCfg = Win|Any CPU
		{36BF5580-CE6C-4A44-AFC1-49E5EC492738}.Win|Any CPU.Build.0 = Win|Any CPU
		{3CCFF170-8D08-45D3-BBE5-3788F6040BBE}.OSX|Any CPU.ActiveCfg = OSX|Any CPU
		{3CCFF170-8D08-45D3-BBE5-3788F6040BBE}.OSX|Any CPU.Build.0 = OSX|Any CPU
		{3CCFF170-8D08-45D3-BBE5-3788F6040BBE}.Win|Any CPU.ActiveCfg = Win|Any CPU
		{3CCFF170-8D08-45D3-BBE5-3788F6040BBE}.Win|Any CPU.Build.0 = Win|Any CPU
		{42494CA5-73DE-47AE-B687-4F01F373FC6B}.OSX|Any CPU.ActiveCfg = OSX|Any CPU
		{42494CA5-73DE-47AE-B687-4F01F373FC6B}.OSX|Any CPU.Build.0 = OSX|Any CPU
		{42494CA5-73DE-47AE-B687-4F01F373FC6B}.Win|Any CPU.ActiveCfg = Win|Any CPU
		{42494CA5-73DE-47AE-B687-4F01F373FC6B}.Win|Any CPU.Build.0 = Win|Any CPU
		{42C03108-BF05-46D8-BD6E-266DEC283BC8}.OSX|Any CPU.ActiveCfg = OSX|Any CPU
		{42C03108-BF05-46D8-BD6E-266DEC283BC8}.OSX|Any CPU.Build.0 = OSX|Any CPU
		{42C03108-BF05-46D8-BD6E-266DEC283BC8}.Win|Any CPU.ActiveCfg = Win|Any CPU
		{42C03108-BF05-46D8-BD6E-266DEC283BC8}.Win|Any CPU.Build.0 = Win|Any CPU
		{58EA7E7B-C574-4161-BB9C-B0FEC4E43FF5}.OSX|Any CPU.ActiveCfg = OSX|Any CPU
		{58EA7E7B-C574-4161-BB9C-B0FEC4E43FF5}.OSX|Any CPU.Build.0 = OSX|Any CPU
		{58EA7E7B-C574-4161-BB9C-B0FEC4E43FF5}.Win|Any CPU.ActiveCfg = Win|Any CPU
		{58EA7E7B-C574-4161-BB9C-B0FEC4E43FF5}.Win|Any CPU.Build.0 = Win|Any CPU
		{5A5B6ED4-CA84-49C5-9465-406D8CE9EC16}.OSX|Any CPU.ActiveCfg = OSX|Any CPU
		{5A5B6ED4-CA84-49C5-9465-406D8CE9EC16}.OSX|Any CPU.Build.0 = OSX|Any CPU
		{5A5B6ED4-CA84-49C5-9465-406D8CE9EC16}.Win|Any CPU.ActiveCfg = Win|Any CPU
		{5A5B6ED4-CA84-49C5-9465-406D8CE9EC16}.Win|Any CPU.Build.0 = Win|Any CPU
		{5AC05A38-36B7-4872-BD8A-03E76B725E42}.OSX|Any CPU.ActiveCfg = OSX|Any CPU
		{5AC05A38-36B7-4872-BD8A-03E76B725E42}.OSX|Any CPU.Build.0 = OSX|Any CPU
		{5AC05A38-36B7-4872-BD8A-03E76B725E42}.Win|Any CPU.ActiveCfg = Win|Any CPU
		{5AC05A38-36B7-4872-BD8A-03E76B725E42}.Win|Any CPU.Build.0 = Win|Any CPU
		{5FE9A8FD-5478-4181-96F9-CB31C26594C8}.OSX|Any CPU.ActiveCfg = OSX|Any CPU
		{5FE9A8FD-5478-4181-96F9-CB31C26594C8}.OSX|Any CPU.Build.0 = OSX|Any CPU
		{5FE9A8FD-5478-4181-96F9-CB31C26594C8}.Win|Any CPU.ActiveCfg = Win|Any CPU
		{5FE9A8FD-5478-4181-96F9-CB31C26594C8}.Win|Any CPU.Build.0 = Win|Any CPU
		{6306FBAB-C20E-4F38-B4B2-7B304649F444}.OSX|Any CPU.ActiveCfg = OSX|Any CPU
		{6306FBAB-C20E-4F38-B4B2-7B304649F444}.OSX|Any CPU.Build.0 = OSX|Any CPU
		{6306FBAB-C20E-4F38-B4B2-7B304649F444}.Win|Any CPU.ActiveCfg = Win|Any CPU
		{6306FBAB-C20E-4F38-B4B2-7B304649F444}.Win|Any CPU.Build.0 = Win|Any CPU
		{7A261BAF-198F-443E-8459-78A7DECD204D}.OSX|Any CPU.ActiveCfg = OSX|Any CPU
		{7A261BAF-198F-443E-8459-78A7DECD204D}.OSX|Any CPU.Build.0 = OSX|Any CPU
		{7A261BAF-198F-443E-8459-78A7DECD204D}.Win|Any CPU.ActiveCfg = Win|Any CPU
		{7A261BAF-198F-443E-8459-78A7DECD204D}.Win|Any CPU.Build.0 = Win|Any CPU
		{85FF9F86-F4E3-4EAF-A00B-56B0B0226BDC}.OSX|Any CPU.ActiveCfg = OSX|Any CPU
		{85FF9F86-F4E3-4EAF-A00B-56B0B0226BDC}.OSX|Any CPU.Build.0 = OSX|Any CPU
		{85FF9F86-F4E3-4EAF-A00B-56B0B0226BDC}.Win|Any CPU.ActiveCfg = Win|Any CPU
		{85FF9F86-F4E3-4EAF-A00B-56B0B0226BDC}.Win|Any CPU.Build.0 = Win|Any CPU
		{8CD1F3AE-49EC-43D6-9FC6-D97967F5F778}.OSX|Any CPU.ActiveCfg = OSX|Any CPU
		{8CD1F3AE-49EC-43D6-9FC6-D97967F5F778}.OSX|Any CPU.Build.0 = OSX|Any CPU
		{8CD1F3AE-49EC-43D6-9FC6-D97967F5F778}.Win|Any CPU.ActiveCfg = Win|Any CPU
		{8CD1F3AE-49EC-43D6-9FC6-D97967F5F778}.Win|Any CPU.Build.0 = Win|Any CPU
		{9154DD54-877E-44DD-9A75-0D040C3C7BBC}.OSX|Any CPU.ActiveCfg = OSX|Any CPU
		{9154DD54-877E-44DD-9A75-0D040C3C7BBC}.OSX|Any CPU.Build.0 = OSX|Any CPU
		{9154DD54-877E-44DD-9A75-0D040C3C7BBC}.Win|Any CPU.ActiveCfg = Win|Any CPU
		{9154DD54-877E-44DD-9A75-0D040C3C7BBC}.Win|Any CPU.Build.0 = Win|Any CPU
		{94436152-8BAD-4D08-A2C2-298B007F32FC}.OSX|Any CPU.ActiveCfg = OSX|Any CPU
		{94436152-8BAD-4D08-A2C2-298B007F32FC}.OSX|Any CPU.Build.0 = OSX|Any CPU
		{94436152-8BAD-4D08-A2C2-298B007F32FC}.Win|Any CPU.ActiveCfg = Win|Any CPU
		{94436152-8BAD-4D08-A2C2-298B007F32FC}.Win|Any CPU.Build.0 = Win|Any CPU
		{94BD9106-999E-460C-A3C4-3AF80C072564}.OSX|Any CPU.ActiveCfg = OSX|Any CPU
		{94BD9106-999E-460C-A3C4-3AF80C072564}.OSX|Any CPU.Build.0 = OSX|Any CPU
		{94BD9106-999E-460C-A3C4-3AF80C072564}.Win|Any CPU.ActiveCfg = Win|Any CPU
		{94BD9106-999E-460C-A3C4-3AF80C072564}.Win|Any CPU.Build.0 = Win|Any CPU
		{A9314B5A-FF39-4242-B53C-99DEA37CFA67}.OSX|Any CPU.ActiveCfg = OSX|Any CPU
		{A9314B5A-FF39-4242-B53C-99DEA37CFA67}.OSX|Any CPU.Build.0 = OSX|Any CPU
		{A9314B5A-FF39-4242-B53C-99DEA37CFA67}.Win|Any CPU.ActiveCfg = Win|Any CPU
		{A9314B5A-FF39-4242-B53C-99DEA37CFA67}.Win|Any CPU.Build.0 = Win|Any CPU
		{B02B0899-5701-45AF-A69F-CB38FD1440C3}.OSX|Any CPU.ActiveCfg = OSX|Any CPU
		{B02B0899-5701-45AF-A69F-CB38FD1440C3}.OSX|Any CPU.Build.0 = OSX|Any CPU
		{B02B0899-5701-45AF-A69F-CB38FD1440C3}.Win|Any CPU.ActiveCfg = Win|Any CPU
		{B02B0899-5701-45AF-A69F-CB38FD1440C3}.Win|Any CPU.Build.0 = Win|Any CPU
		{B57FF203-26AB-4223-9CAD-A9E2DB782DCA}.OSX|Any CPU.ActiveCfg = OSX|Any CPU
		{B57FF203-26AB-4223-9CAD-A9E2DB782DCA}.OSX|Any CPU.Build.0 = OSX|Any CPU
		{B57FF203-26AB-4223-9CAD-A9E2DB782DCA}.Win|Any CPU.ActiveCfg = Win|Any CPU
		{B57FF203-26AB-4223-9CAD-A9E2DB782DCA}.Win|Any CPU.Build.0 = Win|Any CPU
		{B901E894-10DF-470E-9ADF-BE3B57EC6474}.OSX|Any CPU.ActiveCfg = OSX|Any CPU
		{B901E894-10DF-470E-9ADF-BE3B57EC6474}.OSX|Any CPU.Build.0 = OSX|Any CPU
		{B901E894-10DF-470E-9ADF-BE3B57EC6474}.Win|Any CPU.ActiveCfg = Win|Any CPU
		{B901E894-10DF-470E-9ADF-BE3B57EC6474}.Win|Any CPU.Build.0 = Win|Any CPU
		{BE4F6D74-34D5-45FD-AB27-3BC9B8ED30C6}.OSX|Any CPU.ActiveCfg = OSX|Any CPU
		{BE4F6D74-34D5-45FD-AB27-3BC9B8ED30C6}.OSX|Any CPU.Build.0 = OSX|Any CPU
		{BE4F6D74-34D5-45FD-AB27-3BC9B8ED30C6}.Win|Any CPU.ActiveCfg = Win|Any CPU
		{BE4F6D74-34D5-45FD-AB27-3BC9B8ED30C6}.Win|Any CPU.Build.0 = Win|Any CPU
		{DDB5C9D0-2B5E-4554-AF9E-4960D8A2D949}.OSX|Any CPU.ActiveCfg = OSX|Any CPU
		{DDB5C9D0-2B5E-4554-AF9E-4960D8A2D949}.OSX|Any CPU.Build.0 = OSX|Any CPU
		{DDB5C9D0-2B5E-4554-AF9E-4960D8A2D949}.Win|Any CPU.ActiveCfg = Win|Any CPU
		{DDB5C9D0-2B5E-4554-AF9E-4960D8A2D949}.Win|Any CPU.Build.0 = Win|Any CPU
		{DDDAC59F-3A17-439D-B171-1E14C7E350B2}.OSX|Any CPU.ActiveCfg = OSX|Any CPU
		{DDDAC59F-3A17-439D-B171-1E14C7E350B2}.OSX|Any CPU.Build.0 = OSX|Any CPU
		{DDDAC59F-3A17-439D-B171-1E14C7E350B2}.Win|Any CPU.ActiveCfg = Win|Any CPU
		{DDDAC59F-3A17-439D-B171-1E14C7E350B2}.Win|Any CPU.Build.0 = Win|Any CPU
		{E6A745B2-5AB3-40AF-B30B-B48E0C3D07C1}.OSX|Any CPU.ActiveCfg = OSX|Any CPU
		{E6A745B2-5AB3-40AF-B30B-B48E0C3D07C1}.OSX|Any CPU.Build.0 = OSX|Any CPU
		{E6A745B2-5AB3-40AF-B30B-B48E0C3D07C1}.Win|Any CPU.ActiveCfg = Win|Any CPU
		{E6A745B2-5AB3-40AF-B30B-B48E0C3D07C1}.Win|Any CPU.Build.0 = Win|Any CPU
		{F12A7C30-29FF-464D-B25A-1465002C74F2}.OSX|Any CPU.ActiveCfg = OSX|Any CPU
		{F12A7C30-29FF-464D-B25A-1465002C74F2}.OSX|Any CPU.Build.0 = OSX|Any CPU
		{F12A7C30-29FF-464D-B25A-1465002C74F2}.Win|Any CPU.ActiveCfg = Win|Any CPU
		{F12A7C30-29FF-464D-B25A-1465002C74F2}.Win|Any CPU.Build.0 = Win|Any CPU
		{F15FE3C8-E153-469C-A27C-F721F931B25C}.OSX|Any CPU.ActiveCfg = OSX|Any CPU
		{F15FE3C8-E153-469C-A27C-F721F931B25C}.OSX|Any CPU.Build.0 = OSX|Any CPU
		{F15FE3C8-E153-469C-A27C-F721F931B25C}.Win|Any CPU.ActiveCfg = Win|Any CPU
		{F15FE3C8-E153-469C-A27C-F721F931B25C}.Win|Any CPU.Build.0 = Win|Any CPU
		{FB2E6A45-C6D7-44BC-AADD-EC888C3FE5B9}.OSX|Any CPU.ActiveCfg = OSX|Any CPU
		{FB2E6A45-C6D7-44BC-AADD-EC888C3FE5B9}.OSX|Any CPU.Build.0 = OSX|Any CPU
		{FB2E6A45-C6D7-44BC-AADD-EC888C3FE5B9}.Win|Any CPU.ActiveCfg = Win|Any CPU
		{FB2E6A45-C6D7-44BC-AADD-EC888C3FE5B9}.Win|Any CPU.Build.0 = Win|Any CPU
		{FFC3DFAC-8C01-4A3D-BA0E-3E8D6B24E1E6}.OSX|Any CPU.ActiveCfg = OSX|Any CPU
		{FFC3DFAC-8C01-4A3D-BA0E-3E8D6B24E1E6}.OSX|Any CPU.Build.0 = OSX|Any CPU
		{FFC3DFAC-8C01-4A3D-BA0E-3E8D6B24E1E6}.Win|Any CPU.ActiveCfg = Win|Any CPU
		{FFC3DFAC-8C01-4A3D-BA0E-3E8D6B24E1E6}.Win|Any CPU.Build.0 = Win|Any CPU
	EndGlobalSection
	GlobalSection(NestedProjects) = preSolution
		{4A6267FC-F57C-4306-9D04-55237020847D} = {426AFE3C-22E3-4771-BB6D-BBDC8ED578B4}
		{3C52C298-27BA-46EC-B486-A678F926CC94} = {426AFE3C-22E3-4771-BB6D-BBDC8ED578B4}
		{DDDAC59F-3A17-439D-B171-1E14C7E350B2} = {4A6267FC-F57C-4306-9D04-55237020847D}
		{9154DD54-877E-44DD-9A75-0D040C3C7BBC} = {4A6267FC-F57C-4306-9D04-55237020847D}
		{DDB5C9D0-2B5E-4554-AF9E-4960D8A2D949} = {4A6267FC-F57C-4306-9D04-55237020847D}
		{5FE9A8FD-5478-4181-96F9-CB31C26594C8} = {4A6267FC-F57C-4306-9D04-55237020847D}
		{A9314B5A-FF39-4242-B53C-99DEA37CFA67} = {4A6267FC-F57C-4306-9D04-55237020847D}
		{94BD9106-999E-460C-A3C4-3AF80C072564} = {3C52C298-27BA-46EC-B486-A678F926CC94}
		{7A261BAF-198F-443E-8459-78A7DECD204D} = {3C52C298-27BA-46EC-B486-A678F926CC94}
		{FB2E6A45-C6D7-44BC-AADD-EC888C3FE5B9} = {3C52C298-27BA-46EC-B486-A678F926CC94}
		{58EA7E7B-C574-4161-BB9C-B0FEC4E43FF5} = {3C52C298-27BA-46EC-B486-A678F926CC94}
		{F15FE3C8-E153-469C-A27C-F721F931B25C} = {F41B3669-5CB7-40FF-901A-A6D63E0FFE83}
		{E6A745B2-5AB3-40AF-B30B-B48E0C3D07C1} = {F41B3669-5CB7-40FF-901A-A6D63E0FFE83}
		{8CD1F3AE-49EC-43D6-9FC6-D97967F5F778} = {F41B3669-5CB7-40FF-901A-A6D63E0FFE83}
		{BE4F6D74-34D5-45FD-AB27-3BC9B8ED30C6} = {F41B3669-5CB7-40FF-901A-A6D63E0FFE83}
		{94436152-8BAD-4D08-A2C2-298B007F32FC} = {F41B3669-5CB7-40FF-901A-A6D63E0FFE83}
		{6306FBAB-C20E-4F38-B4B2-7B304649F444} = {F41B3669-5CB7-40FF-901A-A6D63E0FFE83}
		{FFC3DFAC-8C01-4A3D-BA0E-3E8D6B24E1E6} = {F41B3669-5CB7-40FF-901A-A6D63E0FFE83}
		{5AC05A38-36B7-4872-BD8A-03E76B725E42} = {8026E487-8D49-400F-A851-9B47EE9D2217}
		{2A75372B-8BB4-4A2A-A14F-DBB73D3E8061} = {8026E487-8D49-400F-A851-9B47EE9D2217}
		{85FF9F86-F4E3-4EAF-A00B-56B0B0226BDC} = {8026E487-8D49-400F-A851-9B47EE9D2217}
		{B901E894-10DF-470E-9ADF-BE3B57EC6474} = {A1A89734-A5DC-4C8C-BFA8-A4538DED645A}
		{36BF5580-CE6C-4A44-AFC1-49E5EC492738} = {A1A89734-A5DC-4C8C-BFA8-A4538DED645A}
		{14598850-4C68-4FD5-A08C-5CFDB2DA4CE1} = {A1A89734-A5DC-4C8C-BFA8-A4538DED645A}
		{42C03108-BF05-46D8-BD6E-266DEC283BC8} = {A1A89734-A5DC-4C8C-BFA8-A4538DED645A}
		{22E1115A-44CE-47BC-AFD7-84B9221E7F9D} = {A1A89734-A5DC-4C8C-BFA8-A4538DED645A}
		{1F0CEE1E-80C0-4362-8F29-C495879A31BF} = {A1A89734-A5DC-4C8C-BFA8-A4538DED645A}
		{B57FF203-26AB-4223-9CAD-A9E2DB782DCA} = {A1A89734-A5DC-4C8C-BFA8-A4538DED645A}
		{31304BF1-4830-4D06-B2D0-75D01948FD71} = {A1A89734-A5DC-4C8C-BFA8-A4538DED645A}
		{3CCFF170-8D08-45D3-BBE5-3788F6040BBE} = {85FAD9B4-77F2-4B71-BA98-447729069A82}
		{5A5B6ED4-CA84-49C5-9465-406D8CE9EC16} = {85FAD9B4-77F2-4B71-BA98-447729069A82}
		{B02B0899-5701-45AF-A69F-CB38FD1440C3} = {85FAD9B4-77F2-4B71-BA98-447729069A82}
		{26532D92-389D-4867-A48F-D18F668B965B} = {85FAD9B4-77F2-4B71-BA98-447729069A82}
		{F12A7C30-29FF-464D-B25A-1465002C74F2} = {BE561A6B-24A4-45F5-9898-082C67AA8F83}
		{42494CA5-73DE-47AE-B687-4F01F373FC6B} = {BE561A6B-24A4-45F5-9898-082C67AA8F83}
	EndGlobalSection
	GlobalSection(MonoDevelopProperties) = preSolution
		StartupItem = DG.BotWorld.WorldMatrix.WinApp\WorldMatrix.WinApp.csproj
	EndGlobalSection
	GlobalSection(SolutionProperties) = preSolution
		HideSolutionNode = FALSE
	EndGlobalSection
EndGlobal
